<?xml version="1.0" encoding="utf-8"?>
<Project ToolsVersion="4.0" xmlns="http://schemas.microsoft.com/developer/msbuild/2003">
  <ItemGroup>
    <Filter Include="Source Files">
      <UniqueIdentifier>{4FC737F1-C7A5-4376-A066-2A32D752A2FF}</UniqueIdentifier>
      <Extensions>cpp;c;cc;cxx;def;odl;idl;hpj;bat;asm;asmx</Extensions>
    </Filter>
    <Filter Include="Header Files">
      <UniqueIdentifier>{93995380-89BD-4b04-88EB-625FBE52EBFB}</UniqueIdentifier>
      <Extensions>h;hpp;hxx;hm;inl;inc;xsd</Extensions>
    </Filter>
    <Filter Include="Resource Files">
      <UniqueIdentifier>{67DA6AB6-F800-4c08-8B7A-83BB121AAD01}</UniqueIdentifier>
      <Extensions>rc;ico;cur;bmp;dlg;rc2;rct;bin;rgs;gif;jpg;jpeg;jpe;resx;tiff;tif;png;wav</Extensions>
    </Filter>
    <Filter Include="Source Files\Coord3D">
      <UniqueIdentifier>{94c9e71f-c558-4c75-8d71-6211988e1cd8}</UniqueIdentifier>
    </Filter>
    <Filter Include="Source Files\Texture">
      <UniqueIdentifier>{8f4dc5fa-004e-40aa-8e73-a8add14dcb6c}</UniqueIdentifier>
    </Filter>
    <Filter Include="Source Files\Coord3D\PNG">
      <UniqueIdentifier>{a7bda1ad-796b-4339-8cff-0e883959dd46}</UniqueIdentifier>
    </Filter>
  </ItemGroup>
  <ItemGroup>
    <Library Include="..\..\Lib\glut32.ms.lib" />
  </ItemGroup>
  <ItemGroup>
    <ClCompile Include="..\..\Src\Patatoide.cpp">
      <Filter>Source Files</Filter>
    </ClCompile>
    <ClCompile Include="..\..\Src\Main.cpp">
      <Filter>Source Files</Filter>
    </ClCompile>
    <ClCompile Include="..\..\Src\Main.cpp">
      <Filter>Source Files</Filter>
    </ClCompile>
    <ClCompile Include="..\..\Src\Main.cpp">
      <Filter>Source Files</Filter>
    </ClCompile>
    <ClCompile Include="..\..\Src\Vaisseau.cpp">
      <Filter>Source Files</Filter>
    </ClCompile>
    <ClCompile Include="..\..\Src\Anneau.cpp">
      <Filter>Source Files</Filter>
    </ClCompile>
    <ClCompile Include="..\..\Src\Coord3D\CH3D.cpp">
      <Filter>Source Files\Coord3D</Filter>
    </ClCompile>
    <ClCompile Include="..\..\Src\Coord3D\Dir3D.cpp">
      <Filter>Source Files\Coord3D</Filter>
    </ClCompile>
    <ClCompile Include="..\..\Src\Coord3D\Pos3D.cpp">
      <Filter>Source Files\Coord3D</Filter>
    </ClCompile>
    <ClCompile Include="..\..\Src\Coord3D\Rt3D.cpp">
      <Filter>Source Files\Coord3D</Filter>
    </ClCompile>
    <ClCompile Include="..\..\Src\Coord3D\Sc3D.cpp">
      <Filter>Source Files\Coord3D</Filter>
    </ClCompile>
    <ClCompile Include="..\..\Src\Coord3D\TG3D.cpp">
      <Filter>Source Files\Coord3D</Filter>
    </ClCompile>
    <ClCompile Include="..\..\Src\Coord3D\Tr3D.cpp">
      <Filter>Source Files\Coord3D</Filter>
    </ClCompile>
    <ClCompile Include="..\..\Src\Texture\ChargePngFile.cpp">
      <Filter>Source Files\Texture</Filter>
    </ClCompile>
    <ClCompile Include="..\..\Src\Texture\Espace3UC.cpp">
      <Filter>Source Files\Texture</Filter>
    </ClCompile>
    <ClCompile Include="..\..\Src\Texture\Image.cpp">
      <Filter>Source Files\Texture</Filter>
    </ClCompile>
    <ClCompile Include="..\..\Src\Texture\ImageUtils.cpp">
      <Filter>Source Files\Texture</Filter>
    </ClCompile>
    <ClCompile Include="..\..\Src\Texture\PngFile.cpp">
      <Filter>Source Files\Texture</Filter>
    </ClCompile>
    <ClCompile Include="..\..\Src\Texture\PNG\adler32.c">
      <Filter>Source Files\Coord3D\PNG</Filter>
    </ClCompile>
    <ClCompile Include="..\..\Src\Texture\PNG\compress.c">
      <Filter>Source Files\Coord3D\PNG</Filter>
    </ClCompile>
    <ClCompile Include="..\..\Src\Texture\PNG\crc32.c">
      <Filter>Source Files\Coord3D\PNG</Filter>
    </ClCompile>
    <ClCompile Include="..\..\Src\Texture\PNG\deflate.c">
      <Filter>Source Files\Coord3D\PNG</Filter>
    </ClCompile>
    <ClCompile Include="..\..\Src\Texture\PNG\gzio.c">
      <Filter>Source Files\Coord3D\PNG</Filter>
    </ClCompile>
    <ClCompile Include="..\..\Src\Texture\PNG\infback.c">
      <Filter>Source Files\Coord3D\PNG</Filter>
    </ClCompile>
    <ClCompile Include="..\..\Src\Texture\PNG\inffast.c">
      <Filter>Source Files\Coord3D\PNG</Filter>
    </ClCompile>
    <ClCompile Include="..\..\Src\Texture\PNG\inflate.c">
      <Filter>Source Files\Coord3D\PNG</Filter>
    </ClCompile>
    <ClCompile Include="..\..\Src\Texture\PNG\inftrees.c">
      <Filter>Source Files\Coord3D\PNG</Filter>
    </ClCompile>
    <ClCompile Include="..\..\Src\Texture\PNG\png.c">
      <Filter>Source Files\Coord3D\PNG</Filter>
    </ClCompile>
    <ClCompile Include="..\..\Src\Texture\PNG\pngerror.c">
      <Filter>Source Files\Coord3D\PNG</Filter>
    </ClCompile>
    <ClCompile Include="..\..\Src\Texture\PNG\pngget.c">
      <Filter>Source Files\Coord3D\PNG</Filter>
    </ClCompile>
    <ClCompile Include="..\..\Src\Texture\PNG\pngmem.c">
      <Filter>Source Files\Coord3D\PNG</Filter>
    </ClCompile>
    <ClCompile Include="..\..\Src\Texture\PNG\pngpread.c">
      <Filter>Source Files\Coord3D\PNG</Filter>
    </ClCompile>
    <ClCompile Include="..\..\Src\Texture\PNG\pngread.c">
      <Filter>Source Files\Coord3D\PNG</Filter>
    </ClCompile>
    <ClCompile Include="..\..\Src\Texture\PNG\pngrio.c">
      <Filter>Source Files\Coord3D\PNG</Filter>
    </ClCompile>
    <ClCompile Include="..\..\Src\Texture\PNG\pngrtran.c">
      <Filter>Source Files\Coord3D\PNG</Filter>
    </ClCompile>
    <ClCompile Include="..\..\Src\Texture\PNG\pngrutil.c">
      <Filter>Source Files\Coord3D\PNG</Filter>
    </ClCompile>
    <ClCompile Include="..\..\Src\Texture\PNG\pngset.c">
      <Filter>Source Files\Coord3D\PNG</Filter>
    </ClCompile>
    <ClCompile Include="..\..\Src\Texture\PNG\pngtrans.c">
      <Filter>Source Files\Coord3D\PNG</Filter>
    </ClCompile>
    <ClCompile Include="..\..\Src\Texture\PNG\pngwio.c">
      <Filter>Source Files\Coord3D\PNG</Filter>
    </ClCompile>
    <ClCompile Include="..\..\Src\Texture\PNG\pngwrite.c">
      <Filter>Source Files\Coord3D\PNG</Filter>
    </ClCompile>
    <ClCompile Include="..\..\Src\Texture\PNG\pngwtran.c">
      <Filter>Source Files\Coord3D\PNG</Filter>
    </ClCompile>
    <ClCompile Include="..\..\Src\Texture\PNG\pngwutil.c">
      <Filter>Source Files\Coord3D\PNG</Filter>
    </ClCompile>
    <ClCompile Include="..\..\Src\Texture\PNG\trees.c">
      <Filter>Source Files\Coord3D\PNG</Filter>
    </ClCompile>
    <ClCompile Include="..\..\Src\Texture\PNG\uncompr.c">
      <Filter>Source Files\Coord3D\PNG</Filter>
    </ClCompile>
    <ClCompile Include="..\..\Src\Texture\PNG\zutil.c">
      <Filter>Source Files\Coord3D\PNG</Filter>
    </ClCompile>
  </ItemGroup>
  <ItemGroup>
    <ClInclude Include="..\..\Include\Vaisseau.h">
      <Filter>Header Files</Filter>
    </ClInclude>
    <ClInclude Include="..\..\Include\Patatoide.h">
      <Filter>Header Files</Filter>
    </ClInclude>
    <ClInclude Include="..\..\Include\Anneau.h">
      <Filter>Header Files</Filter>
    </ClInclude>
    <ClInclude Include="..\..\Include\CH3D.h">
      <Filter>Header Files</Filter>
    </ClInclude>
    <ClInclude Include="..\..\Include\Dir3D.h">
      <Filter>Header Files</Filter>
    </ClInclude>
    <ClInclude Include="..\..\Include\Pos3D.h">
      <Filter>Header Files</Filter>
    </ClInclude>
    <ClInclude Include="..\..\Include\Rt3D.h">
      <Filter>Header Files</Filter>
    </ClInclude>
    <ClInclude Include="..\..\Include\Sc3D.h">
      <Filter>Header Files</Filter>
    </ClInclude>
    <ClInclude Include="..\..\Include\TG3D.h">
      <Filter>Header Files</Filter>
    </ClInclude>
    <ClInclude Include="..\..\Include\Tr3D.h">
      <Filter>Header Files</Filter>
    </ClInclude>
    <ClInclude Include="..\..\Src\Texture\ChargePngFile.h">
      <Filter>Source Files\Texture</Filter>
    </ClInclude>
    <ClInclude Include="..\..\Src\Texture\Espace3UC.h">
      <Filter>Source Files\Texture</Filter>
    </ClInclude>
    <ClInclude Include="..\..\Src\Texture\Image.h">
      <Filter>Source Files\Texture</Filter>
    </ClInclude>
    <ClInclude Include="..\..\Src\Texture\ImageUtils.h">
      <Filter>Source Files\Texture</Filter>
    </ClInclude>
    <ClInclude Include="..\..\Src\Texture\PngFile.h">
      <Filter>Source Files\Texture</Filter>
    </ClInclude>
    <ClInclude Include="..\..\Src\Texture\PNG\cexcept.h">
      <Filter>Source Files\Coord3D\PNG</Filter>
    </ClInclude>
    <ClInclude Include="..\..\Src\Texture\PNG\crc32.h">
      <Filter>Source Files\Coord3D\PNG</Filter>
    </ClInclude>
    <ClInclude Include="..\..\Src\Texture\PNG\deflate.h">
      <Filter>Source Files\Coord3D\PNG</Filter>
    </ClInclude>
    <ClInclude Include="..\..\Src\Texture\PNG\inffast.h">
      <Filter>Source Files\Coord3D\PNG</Filter>
    </ClInclude>
    <ClInclude Include="..\..\Src\Texture\PNG\inffixed.h">
      <Filter>Source Files\Coord3D\PNG</Filter>
    </ClInclude>
    <ClInclude Include="..\..\Src\Texture\PNG\inflate.h">
      <Filter>Source Files\Coord3D\PNG</Filter>
    </ClInclude>
    <ClInclude Include="..\..\Src\Texture\PNG\inftrees.h">
      <Filter>Source Files\Coord3D\PNG</Filter>
    </ClInclude>
    <ClInclude Include="..\..\Src\Texture\PNG\png.h">
      <Filter>Source Files\Coord3D\PNG</Filter>
    </ClInclude>
    <ClInclude Include="..\..\Src\Texture\PNG\pngconf.h">
      <Filter>Source Files\Coord3D\PNG</Filter>
    </ClInclude>
    <ClInclude Include="..\..\Src\Texture\PNG\trees.h">
      <Filter>Source Files\Coord3D\PNG</Filter>
    </ClInclude>
    <ClInclude Include="..\..\Src\Texture\PNG\zconf.h">
      <Filter>Source Files\Coord3D\PNG</Filter>
    </ClInclude>
    <ClInclude Include="..\..\Src\Texture\PNG\zconf.in.h">
      <Filter>Source Files\Coord3D\PNG</Filter>
    </ClInclude>
    <ClInclude Include="..\..\Src\Texture\PNG\zlib.h">
      <Filter>Source Files\Coord3D\PNG</Filter>
    </ClInclude>
    <ClInclude Include="..\..\Src\Texture\PNG\zutil.h">
      <Filter>Source Files\Coord3D\PNG</Filter>
    </ClInclude>
  </ItemGroup>
  <ItemGroup>
    <Image Include="..\..\Ressources\textureVaisseau.jpg">
      <Filter>Resource Files</Filter>
    </Image>
  </ItemGroup>
</Project>